
Microsoft Visual Studio Solution File, Format Version 12.00
# Visual Studio Version 16
VisualStudioVersion = 16.0.32002.261
MinimumVisualStudioVersion = 10.0.40219.1
Project("{9A19103F-16F7-4668-BE54-9A1E7A4F7556}") = "StockMarket", "StockMarket\StockMarket.csproj", "{BF0C69FA-CC7F-41BC-BDAB-7E42DC924837}"
EndProject
Project("{9A19103F-16F7-4668-BE54-9A1E7A4F7556}") = "StockMarket.DTO", "StockMarket.DTO\StockMarket.DTO.csproj", "{A3707AE6-B8D8-4C00-95D8-7AC75ABFC8AF}"
EndProject
Project("{9A19103F-16F7-4668-BE54-9A1E7A4F7556}") = "StockMarket.DAL", "StockMarket.DAL\StockMarket.DAL.csproj", "{1ED5F299-7C52-41C4-8834-836099FFD443}"
EndProject
Project("{9A19103F-16F7-4668-BE54-9A1E7A4F7556}") = "StockMarket.BLL", "StockMarket.BLL\StockMarket.BLL.csproj", "{7CA1562B-8646-44C2-86CA-C5267D4086C0}"
EndProject
Project("{FAE04EC0-301F-11D3-BF4B-00C04F79EFBC}") = "StockMarket.Test", "StockMarket.Test\StockMarket.Test.csproj", "{13F960DB-4BE7-4222-A82C-A5BBB2EAB067}"
EndProject
Global
	GlobalSection(SolutionConfigurationPlatforms) = preSolution
		Debug|Any CPU = Debug|Any CPU
		Release|Any CPU = Release|Any CPU
	EndGlobalSection
	GlobalSection(ProjectConfigurationPlatforms) = postSolution
		{BF0C69FA-CC7F-41BC-BDAB-7E42DC924837}.Debug|Any CPU.ActiveCfg = Debug|Any CPU
		{BF0C69FA-CC7F-41BC-BDAB-7E42DC924837}.Debug|Any CPU.Build.0 = Debug|Any CPU
		{BF0C69FA-CC7F-41BC-BDAB-7E42DC924837}.Release|Any CPU.ActiveCfg = Release|Any CPU
		{BF0C69FA-CC7F-41BC-BDAB-7E42DC924837}.Release|Any CPU.Build.0 = Release|Any CPU
		{A3707AE6-B8D8-4C00-95D8-7AC75ABFC8AF}.Debug|Any CPU.ActiveCfg = Debug|Any CPU
		{A3707AE6-B8D8-4C00-95D8-7AC75ABFC8AF}.Debug|Any CPU.Build.0 = Debug|Any CPU
		{A3707AE6-B8D8-4C00-95D8-7AC75ABFC8AF}.Release|Any CPU.ActiveCfg = Release|Any CPU
		{A3707AE6-B8D8-4C00-95D8-7AC75ABFC8AF}.Release|Any CPU.Build.0 = Release|Any CPU
		{1ED5F299-7C52-41C4-8834-836099FFD443}.Debug|Any CPU.ActiveCfg = Debug|Any CPU
		{1ED5F299-7C52-41C4-8834-836099FFD443}.Debug|Any CPU.Build.0 = Debug|Any CPU
		{1ED5F299-7C52-41C4-8834-836099FFD443}.Release|Any CPU.ActiveCfg = Release|Any CPU
		{1ED5F299-7C52-41C4-8834-836099FFD443}.Release|Any CPU.Build.0 = Release|Any CPU
		{7CA1562B-8646-44C2-86CA-C5267D4086C0}.Debug|Any CPU.ActiveCfg = Debug|Any CPU
		{7CA1562B-8646-44C2-86CA-C5267D4086C0}.Debug|Any CPU.Build.0 = Debug|Any CPU
		{7CA1562B-8646-44C2-86CA-C5267D4086C0}.Release|Any CPU.ActiveCfg = Release|Any CPU
		{7CA1562B-8646-44C2-86CA-C5267D4086C0}.Release|Any CPU.Build.0 = Release|Any CPU
		{13F960DB-4BE7-4222-A82C-A5BBB2EAB067}.Debug|Any CPU.ActiveCfg = Debug|Any CPU
		{13F960DB-4BE7-4222-A82C-A5BBB2EAB067}.Debug|Any CPU.Build.0 = Debug|Any CPU
		{13F960DB-4BE7-4222-A82C-A5BBB2EAB067}.Release|Any CPU.ActiveCfg = Release|Any CPU
		{13F960DB-4BE7-4222-A82C-A5BBB2EAB067}.Release|Any CPU.Build.0 = Release|Any CPU
	EndGlobalSection
	GlobalSection(SolutionProperties) = preSolution
		HideSolutionNode = FALSE
	EndGlobalSection
	GlobalSection(ExtensibilityGlobals) = postSolution
		SolutionGuid = {4462A6C4-338F-4261-BC46-785BE1EC7535}
	EndGlobalSection
EndGlobal
